
Microsoft Visual Studio Solution File, Format Version 12.00
# Visual Studio 15
VisualStudioVersion = 15.0.28010.2036
MinimumVisualStudioVersion = 10.0.40219.1
Project("{FAE04EC0-301F-11D3-BF4B-00C04F79EFBC}") = "WebApplication1", "WebApplication1\WebApplication1.csproj", "{5FFFD3DE-8CD7-41CC-98C4-E056DFC4312A}"
EndProject
Global
	GlobalSection(SolutionConfigurationPlatforms) = preSolution
		Debug|Any CPU = Debug|Any CPU
		Release|Any CPU = Release|Any CPU
	EndGlobalSection
	GlobalSection(ProjectConfigurationPlatforms) = postSolution
		{5FFFD3DE-8CD7-41CC-98C4-E056DFC4312A}.Debug|Any CPU.ActiveCfg = Debug|Any CPU
		{5FFFD3DE-8CD7-41CC-98C4-E056DFC4312A}.Debug|Any CPU.Build.0 = Debug|Any CPU
		{5FFFD3DE-8CD7-41CC-98C4-E056DFC4312A}.Release|Any CPU.ActiveCfg = Release|Any CPU
		{5FFFD3DE-8CD7-41CC-98C4-E056DFC4312A}.Release|Any CPU.Build.0 = Release|Any CPU
	EndGlobalSection
	GlobalSection(SolutionProperties) = preSolution
		HideSolutionNode = FALSE
	EndGlobalSection
	GlobalSection(ExtensibilityGlobals) = postSolution
		SolutionGuid = {81D63A84-C6C4-4CAE-A54D-9563C9E1A6E0}
	EndGlobalSection
EndGlobal
